
Microsoft Visual Studio Solution File, Format Version 12.00
# Visual Studio Version 16
VisualStudioVersion = 16.0.29519.181
MinimumVisualStudioVersion = 10.0.40219.1
Project("{9A19103F-16F7-4668-BE54-9A1E7A4F7556}") = "ReversiRestApi", "ReversiRestApi\ReversiRestApi.csproj", "{153CA8B2-FDA6-4B1D-90B1-D550E4092DF4}"
EndProject
Project("{9A19103F-16F7-4668-BE54-9A1E7A4F7556}") = "NUnitTestProject1", "NUnitTestProject1\NUnitTestProject1.csproj", "{64862733-D9DE-43EF-B811-50FD18BC0D25}"
EndProject
Project("{FAE04EC0-301F-11D3-BF4B-00C04F79EFBC}") = "ReversiApp", "ReversiApp\ReversiApp.csproj", "{A2B84F94-686B-463F-958D-BF32231D850D}"
EndProject
Global
	GlobalSection(SolutionConfigurationPlatforms) = preSolution
		Debug|Any CPU = Debug|Any CPU
		Release|Any CPU = Release|Any CPU
	EndGlobalSection
	GlobalSection(ProjectConfigurationPlatforms) = postSolution
		{153CA8B2-FDA6-4B1D-90B1-D550E4092DF4}.Debug|Any CPU.ActiveCfg = Debug|Any CPU
		{153CA8B2-FDA6-4B1D-90B1-D550E4092DF4}.Debug|Any CPU.Build.0 = Debug|Any CPU
		{153CA8B2-FDA6-4B1D-90B1-D550E4092DF4}.Release|Any CPU.ActiveCfg = Release|Any CPU
		{153CA8B2-FDA6-4B1D-90B1-D550E4092DF4}.Release|Any CPU.Build.0 = Release|Any CPU
		{64862733-D9DE-43EF-B811-50FD18BC0D25}.Debug|Any CPU.ActiveCfg = Debug|Any CPU
		{64862733-D9DE-43EF-B811-50FD18BC0D25}.Debug|Any CPU.Build.0 = Debug|Any CPU
		{64862733-D9DE-43EF-B811-50FD18BC0D25}.Release|Any CPU.ActiveCfg = Release|Any CPU
		{64862733-D9DE-43EF-B811-50FD18BC0D25}.Release|Any CPU.Build.0 = Release|Any CPU
		{A2B84F94-686B-463F-958D-BF32231D850D}.Debug|Any CPU.ActiveCfg = Debug|Any CPU
		{A2B84F94-686B-463F-958D-BF32231D850D}.Debug|Any CPU.Build.0 = Debug|Any CPU
		{A2B84F94-686B-463F-958D-BF32231D850D}.Release|Any CPU.ActiveCfg = Release|Any CPU
		{A2B84F94-686B-463F-958D-BF32231D850D}.Release|Any CPU.Build.0 = Release|Any CPU
	EndGlobalSection
	GlobalSection(SolutionProperties) = preSolution
		HideSolutionNode = FALSE
	EndGlobalSection
	GlobalSection(ExtensibilityGlobals) = postSolution
		SolutionGuid = {0ED7920A-2E20-4E16-ABF1-584E9D31AD44}
	EndGlobalSection
EndGlobal
